// !$*UTF8*$!
{
	archiveVersion = 1;
	classes = {
	};
	objectVersion = 46;
	objects = {

/* Begin PBXBuildFile section */
		764F18981585A21000CD03C4 /* libhiredis.a in Frameworks */ = {isa = PBXBuildFile; fileRef = 764F18971585A21000CD03C4 /* libhiredis.a */; };
		76C8B9AA158144390084CDE2 /* CoreData.framework in Frameworks */ = {isa = PBXBuildFile; fileRef = 76C8B9A9158144390084CDE2 /* CoreData.framework */; };
		76C8B9AC158144390084CDE2 /* Foundation.framework in Frameworks */ = {isa = PBXBuildFile; fileRef = 76C8B9AB158144390084CDE2 /* Foundation.framework */; };
		76C8B9AF158144390084CDE2 /* main.m in Sources */ = {isa = PBXBuildFile; fileRef = 76C8B9AE158144390084CDE2 /* main.m */; };
		76C8B9B4158144390084CDE2 /* NameServer.xcdatamodeld in Sources */ = {isa = PBXBuildFile; fileRef = 76C8B9B2158144390084CDE2 /* NameServer.xcdatamodeld */; };
		76C8B9B6158144390084CDE2 /* NameServer.1 in CopyFiles */ = {isa = PBXBuildFile; fileRef = 76C8B9B5158144390084CDE2 /* NameServer.1 */; };
		76C8B9C615817E0C0084CDE2 /* Attributes.m in Sources */ = {isa = PBXBuildFile; fileRef = 76C8B9C115817E0C0084CDE2 /* Attributes.m */; };
		76C8B9C815817E0C0084CDE2 /* Name.m in Sources */ = {isa = PBXBuildFile; fileRef = 76C8B9C515817E0C0084CDE2 /* Name.m */; };
		76C8B9CB158181190084CDE2 /* Children.m in Sources */ = {isa = PBXBuildFile; fileRef = 76C8B9CA158181190084CDE2 /* Children.m */; };
		76C8B9D01581C8FE0084CDE2 /* HTTPServer.m in Sources */ = {isa = PBXBuildFile; fileRef = 76C8B9CD1581C8FE0084CDE2 /* HTTPServer.m */; };
		76C8B9D11581C8FE0084CDE2 /* TCPServer.m in Sources */ = {isa = PBXBuildFile; fileRef = 76C8B9CF1581C8FE0084CDE2 /* TCPServer.m */; };
		76C8B9D31581E12B0084CDE2 /* CFNetwork.framework in Frameworks */ = {isa = PBXBuildFile; fileRef = 76C8B9D21581E12B0084CDE2 /* CFNetwork.framework */; };
		76C8B9D6158290E40084CDE2 /* NameServer.m in Sources */ = {isa = PBXBuildFile; fileRef = 76C8B9D5158290E40084CDE2 /* NameServer.m */; };
		76C8B9DD1582B1C50084CDE2 /* Capability.m in Sources */ = {isa = PBXBuildFile; fileRef = 76C8B9DC1582B1C40084CDE2 /* Capability.m */; };
/* End PBXBuildFile section */

/* Begin PBXCopyFilesBuildPhase section */
		76C8B9A3158144390084CDE2 /* CopyFiles */ = {
			isa = PBXCopyFilesBuildPhase;
			buildActionMask = 2147483647;
			dstPath = /usr/share/man/man1/;
			dstSubfolderSpec = 0;
			files = (
				76C8B9B6158144390084CDE2 /* NameServer.1 in CopyFiles */,
			);
			runOnlyForDeploymentPostprocessing = 1;
		};
/* End PBXCopyFilesBuildPhase section */

/* Begin PBXFileReference section */
		764F18971585A21000CD03C4 /* libhiredis.a */ = {isa = PBXFileReference; lastKnownFileType = archive.ar; name = libhiredis.a; path = ../../hiredis/libhiredis.a; sourceTree = "<group>"; };
		76C8B9A5158144390084CDE2 /* NameServer */ = {isa = PBXFileReference; explicitFileType = "compiled.mach-o.executable"; includeInIndex = 0; path = NameServer; sourceTree = BUILT_PRODUCTS_DIR; };
		76C8B9A9158144390084CDE2 /* CoreData.framework */ = {isa = PBXFileReference; lastKnownFileType = wrapper.framework; name = CoreData.framework; path = System/Library/Frameworks/CoreData.framework; sourceTree = SDKROOT; };
		76C8B9AB158144390084CDE2 /* Foundation.framework */ = {isa = PBXFileReference; lastKnownFileType = wrapper.framework; name = Foundation.framework; path = System/Library/Frameworks/Foundation.framework; sourceTree = SDKROOT; };
		76C8B9AE158144390084CDE2 /* main.m */ = {isa = PBXFileReference; lastKnownFileType = sourcecode.c.objc; path = main.m; sourceTree = "<group>"; };
		76C8B9B1158144390084CDE2 /* NameServer-Prefix.pch */ = {isa = PBXFileReference; lastKnownFileType = sourcecode.c.h; path = "NameServer-Prefix.pch"; sourceTree = "<group>"; };
		76C8B9B3158144390084CDE2 /* NameServer.xcdatamodel */ = {isa = PBXFileReference; lastKnownFileType = wrapper.xcdatamodel; path = NameServer.xcdatamodel; sourceTree = "<group>"; };
		76C8B9B5158144390084CDE2 /* NameServer.1 */ = {isa = PBXFileReference; lastKnownFileType = text.man; path = NameServer.1; sourceTree = "<group>"; };
		76C8B9C015817E0C0084CDE2 /* Attributes.h */ = {isa = PBXFileReference; fileEncoding = 4; lastKnownFileType = sourcecode.c.h; path = Attributes.h; sourceTree = "<group>"; };
		76C8B9C115817E0C0084CDE2 /* Attributes.m */ = {isa = PBXFileReference; fileEncoding = 4; lastKnownFileType = sourcecode.c.objc; path = Attributes.m; sourceTree = "<group>"; };
		76C8B9C415817E0C0084CDE2 /* Name.h */ = {isa = PBXFileReference; fileEncoding = 4; lastKnownFileType = sourcecode.c.h; path = Name.h; sourceTree = "<group>"; };
		76C8B9C515817E0C0084CDE2 /* Name.m */ = {isa = PBXFileReference; fileEncoding = 4; lastKnownFileType = sourcecode.c.objc; path = Name.m; sourceTree = "<group>"; };
		76C8B9C9158181190084CDE2 /* Children.h */ = {isa = PBXFileReference; fileEncoding = 4; lastKnownFileType = sourcecode.c.h; path = Children.h; sourceTree = "<group>"; };
		76C8B9CA158181190084CDE2 /* Children.m */ = {isa = PBXFileReference; fileEncoding = 4; lastKnownFileType = sourcecode.c.objc; path = Children.m; sourceTree = "<group>"; };
		76C8B9CC1581C8FD0084CDE2 /* HTTPServer.h */ = {isa = PBXFileReference; fileEncoding = 4; lastKnownFileType = sourcecode.c.h; path = HTTPServer.h; sourceTree = "<group>"; };
		76C8B9CD1581C8FE0084CDE2 /* HTTPServer.m */ = {isa = PBXFileReference; fileEncoding = 4; lastKnownFileType = sourcecode.c.objc; path = HTTPServer.m; sourceTree = "<group>"; };
		76C8B9CE1581C8FE0084CDE2 /* TCPServer.h */ = {isa = PBXFileReference; fileEncoding = 4; lastKnownFileType = sourcecode.c.h; path = TCPServer.h; sourceTree = "<group>"; };
		76C8B9CF1581C8FE0084CDE2 /* TCPServer.m */ = {isa = PBXFileReference; fileEncoding = 4; lastKnownFileType = sourcecode.c.objc; path = TCPServer.m; sourceTree = "<group>"; };
		76C8B9D21581E12B0084CDE2 /* CFNetwork.framework */ = {isa = PBXFileReference; lastKnownFileType = wrapper.framework; name = CFNetwork.framework; path = System/Library/Frameworks/CFNetwork.framework; sourceTree = SDKROOT; };
		76C8B9D4158290E40084CDE2 /* NameServer.h */ = {isa = PBXFileReference; fileEncoding = 4; lastKnownFileType = sourcecode.c.h; path = NameServer.h; sourceTree = "<group>"; };
		76C8B9D5158290E40084CDE2 /* NameServer.m */ = {isa = PBXFileReference; fileEncoding = 4; lastKnownFileType = sourcecode.c.objc; path = NameServer.m; sourceTree = "<group>"; };
		76C8B9DB1582B1C40084CDE2 /* Capability.h */ = {isa = PBXFileReference; fileEncoding = 4; lastKnownFileType = sourcecode.c.h; path = Capability.h; sourceTree = "<group>"; };
		76C8B9DC1582B1C40084CDE2 /* Capability.m */ = {isa = PBXFileReference; fileEncoding = 4; lastKnownFileType = sourcecode.c.objc; path = Capability.m; sourceTree = "<group>"; };
/* End PBXFileReference section */

/* Begin PBXFrameworksBuildPhase section */
		76C8B9A2158144390084CDE2 /* Frameworks */ = {
			isa = PBXFrameworksBuildPhase;
			buildActionMask = 2147483647;
			files = (
				76C8B9D31581E12B0084CDE2 /* CFNetwork.framework in Frameworks */,
				76C8B9AA158144390084CDE2 /* CoreData.framework in Frameworks */,
				76C8B9AC158144390084CDE2 /* Foundation.framework in Frameworks */,
				764F18981585A21000CD03C4 /* libhiredis.a in Frameworks */,
			);
			runOnlyForDeploymentPostprocessing = 0;
		};
/* End PBXFrameworksBuildPhase section */

/* Begin PBXGroup section */
		76C8B99A158144390084CDE2 = {
			isa = PBXGroup;
			children = (
				764F18971585A21000CD03C4 /* libhiredis.a */,
				76C8B9D21581E12B0084CDE2 /* CFNetwork.framework */,
				76C8B9AD158144390084CDE2 /* NameServer */,
				76C8B9A8158144390084CDE2 /* Frameworks */,
				76C8B9A6158144390084CDE2 /* Products */,
			);
			sourceTree = "<group>";
		};
		76C8B9A6158144390084CDE2 /* Products */ = {
			isa = PBXGroup;
			children = (
				76C8B9A5158144390084CDE2 /* NameServer */,
			);
			name = Products;
			sourceTree = "<group>";
		};
		76C8B9A8158144390084CDE2 /* Frameworks */ = {
			isa = PBXGroup;
			children = (
				76C8B9A9158144390084CDE2 /* CoreData.framework */,
				76C8B9AB158144390084CDE2 /* Foundation.framework */,
			);
			name = Frameworks;
			sourceTree = "<group>";
		};
		76C8B9AD158144390084CDE2 /* NameServer */ = {
			isa = PBXGroup;
			children = (
				76C8B9B2158144390084CDE2 /* NameServer.xcdatamodeld */,
				76C8B9AE158144390084CDE2 /* main.m */,
				76C8B9D4158290E40084CDE2 /* NameServer.h */,
				76C8B9D5158290E40084CDE2 /* NameServer.m */,
				76C8B9E01582B2180084CDE2 /* Entity */,
				76C8B9DF1582B1FC0084CDE2 /* Networking */,
				76C8B9B5158144390084CDE2 /* NameServer.1 */,
				76C8B9B0158144390084CDE2 /* Supporting Files */,
			);
			path = NameServer;
			sourceTree = "<group>";
		};
		76C8B9B0158144390084CDE2 /* Supporting Files */ = {
			isa = PBXGroup;
			children = (
				76C8B9B1158144390084CDE2 /* NameServer-Prefix.pch */,
			);
			name = "Supporting Files";
			sourceTree = "<group>";
		};
		76C8B9DF1582B1FC0084CDE2 /* Networking */ = {
			isa = PBXGroup;
			children = (
				76C8B9CC1581C8FD0084CDE2 /* HTTPServer.h */,
				76C8B9CD1581C8FE0084CDE2 /* HTTPServer.m */,
				76C8B9CE1581C8FE0084CDE2 /* TCPServer.h */,
				76C8B9CF1581C8FE0084CDE2 /* TCPServer.m */,
			);
			name = Networking;
			sourceTree = "<group>";
		};
		76C8B9E01582B2180084CDE2 /* Entity */ = {
			isa = PBXGroup;
			children = (
				76C8B9DB1582B1C40084CDE2 /* Capability.h */,
				76C8B9DC1582B1C40084CDE2 /* Capability.m */,
				76C8B9C015817E0C0084CDE2 /* Attributes.h */,
				76C8B9C115817E0C0084CDE2 /* Attributes.m */,
				76C8B9C415817E0C0084CDE2 /* Name.h */,
				76C8B9C515817E0C0084CDE2 /* Name.m */,
				76C8B9C9158181190084CDE2 /* Children.h */,
				76C8B9CA158181190084CDE2 /* Children.m */,
			);
			name = Entity;
			sourceTree = "<group>";
		};
/* End PBXGroup section */

/* Begin PBXNativeTarget section */
		76C8B9A4158144390084CDE2 /* NameServer */ = {
			isa = PBXNativeTarget;
			buildConfigurationList = 76C8B9B9158144390084CDE2 /* Build configuration list for PBXNativeTarget "NameServer" */;
			buildPhases = (
				76C8B9A1158144390084CDE2 /* Sources */,
				76C8B9A2158144390084CDE2 /* Frameworks */,
				76C8B9A3158144390084CDE2 /* CopyFiles */,
			);
			buildRules = (
			);
			dependencies = (
			);
			name = NameServer;
			productName = NameServer;
			productReference = 76C8B9A5158144390084CDE2 /* NameServer */;
			productType = "com.apple.product-type.tool";
		};
/* End PBXNativeTarget section */

/* Begin PBXProject section */
		76C8B99C158144390084CDE2 /* Project object */ = {
			isa = PBXProject;
			attributes = {
				LastUpgradeCheck = 0440;
				ORGANIZATIONNAME = "FX Palo Alto Laboratory Inc.";
			};
			buildConfigurationList = 76C8B99F158144390084CDE2 /* Build configuration list for PBXProject "NameServer" */;
			compatibilityVersion = "Xcode 3.2";
			developmentRegion = English;
			hasScannedForEncodings = 0;
			knownRegions = (
				en,
			);
			mainGroup = 76C8B99A158144390084CDE2;
			productRefGroup = 76C8B9A6158144390084CDE2 /* Products */;
			projectDirPath = "";
			projectRoot = "";
			targets = (
				76C8B9A4158144390084CDE2 /* NameServer */,
			);
		};
/* End PBXProject section */

/* Begin PBXSourcesBuildPhase section */
		76C8B9A1158144390084CDE2 /* Sources */ = {
			isa = PBXSourcesBuildPhase;
			buildActionMask = 2147483647;
			files = (
				76C8B9AF158144390084CDE2 /* main.m in Sources */,
				76C8B9B4158144390084CDE2 /* NameServer.xcdatamodeld in Sources */,
				76C8B9C615817E0C0084CDE2 /* Attributes.m in Sources */,
				76C8B9C815817E0C0084CDE2 /* Name.m in Sources */,
				76C8B9CB158181190084CDE2 /* Children.m in Sources */,
				76C8B9D01581C8FE0084CDE2 /* HTTPServer.m in Sources */,
				76C8B9D11581C8FE0084CDE2 /* TCPServer.m in Sources */,
				76C8B9D6158290E40084CDE2 /* NameServer.m in Sources */,
				76C8B9DD1582B1C50084CDE2 /* Capability.m in Sources */,
			);
			runOnlyForDeploymentPostprocessing = 0;
		};
/* End PBXSourcesBuildPhase section */

/* Begin XCBuildConfiguration section */
		76C8B9B7158144390084CDE2 /* Debug */ = {
			isa = XCBuildConfiguration;
			buildSettings = {
				ALWAYS_SEARCH_USER_PATHS = NO;
				ARCHS = "$(ARCHS_STANDARD_64_BIT)";
				CLANG_CXX_LANGUAGE_STANDARD = "gnu++0x";
				CLANG_ENABLE_OBJC_ARC = YES;
				CLANG_WARN__DUPLICATE_METHOD_MATCH = YES;
				COPY_PHASE_STRIP = NO;
				GCC_C_LANGUAGE_STANDARD = gnu99;
				GCC_DYNAMIC_NO_PIC = NO;
				GCC_ENABLE_OBJC_EXCEPTIONS = YES;
				GCC_OPTIMIZATION_LEVEL = 0;
				GCC_PREPROCESSOR_DEFINITIONS = (
					"DEBUG=1",
					"$(inherited)",
				);
				GCC_SYMBOLS_PRIVATE_EXTERN = NO;
				GCC_WARN_64_TO_32_BIT_CONVERSION = YES;
				GCC_WARN_ABOUT_RETURN_TYPE = YES;
				GCC_WARN_UNINITIALIZED_AUTOS = YES;
				GCC_WARN_UNUSED_VARIABLE = YES;
				MACOSX_DEPLOYMENT_TARGET = 10.8;
				ONLY_ACTIVE_ARCH = YES;
				SDKROOT = macosx;
			};
			name = Debug;
		};
		76C8B9B8158144390084CDE2 /* Release */ = {
			isa = XCBuildConfiguration;
			buildSettings = {
				ALWAYS_SEARCH_USER_PATHS = NO;
				ARCHS = "$(ARCHS_STANDARD_64_BIT)";
				CLANG_CXX_LANGUAGE_STANDARD = "gnu++0x";
				CLANG_ENABLE_OBJC_ARC = YES;
				CLANG_WARN__DUPLICATE_METHOD_MATCH = YES;
				COPY_PHASE_STRIP = YES;
				DEBUG_INFORMATION_FORMAT = "dwarf-with-dsym";
				GCC_C_LANGUAGE_STANDARD = gnu99;
				GCC_ENABLE_OBJC_EXCEPTIONS = YES;
				GCC_WARN_64_TO_32_BIT_CONVERSION = YES;
				GCC_WARN_ABOUT_RETURN_TYPE = YES;
				GCC_WARN_UNINITIALIZED_AUTOS = YES;
				GCC_WARN_UNUSED_VARIABLE = YES;
				MACOSX_DEPLOYMENT_TARGET = 10.8;
				SDKROOT = macosx;
			};
			name = Release;
		};
		76C8B9BA158144390084CDE2 /* Debug */ = {
			isa = XCBuildConfiguration;
			buildSettings = {
				CLANG_ENABLE_OBJC_ARC = NO;
				GCC_PRECOMPILE_PREFIX_HEADER = YES;
				GCC_PREFIX_HEADER = "NameServer/NameServer-Prefix.pch";
				HEADER_SEARCH_PATHS = /usr/local/include;
				LIBRARY_SEARCH_PATHS = (
					"$(inherited)",
					"\"$(SRCROOT)/../../hiredis\"",
				);
				PRODUCT_NAME = "$(TARGET_NAME)";
			};
			name = Debug;
		};
		76C8B9BB158144390084CDE2 /* Release */ = {
			isa = XCBuildConfiguration;
			buildSettings = {
				CLANG_ENABLE_OBJC_ARC = NO;
				GCC_PRECOMPILE_PREFIX_HEADER = YES;
				GCC_PREFIX_HEADER = "NameServer/NameServer-Prefix.pch";
				HEADER_SEARCH_PATHS = /usr/local/include;
				LIBRARY_SEARCH_PATHS = (
					"$(inherited)",
					"\"$(SRCROOT)/../../hiredis\"",
				);
				PRODUCT_NAME = "$(TARGET_NAME)";
			};
			name = Release;
		};
/* End XCBuildConfiguration section */

/* Begin XCConfigurationList section */
		76C8B99F158144390084CDE2 /* Build configuration list for PBXProject "NameServer" */ = {
			isa = XCConfigurationList;
			buildConfigurations = (
				76C8B9B7158144390084CDE2 /* Debug */,
				76C8B9B8158144390084CDE2 /* Release */,
			);
			defaultConfigurationIsVisible = 0;
			defaultConfigurationName = Release;
		};
		76C8B9B9158144390084CDE2 /* Build configuration list for PBXNativeTarget "NameServer" */ = {
			isa = XCConfigurationList;
			buildConfigurations = (
				76C8B9BA158144390084CDE2 /* Debug */,
				76C8B9BB158144390084CDE2 /* Release */,
			);
			defaultConfigurationIsVisible = 0;
			defaultConfigurationName = Release;
		};
/* End XCConfigurationList section */

/* Begin XCVersionGroup section */
		76C8B9B2158144390084CDE2 /* NameServer.xcdatamodeld */ = {
			isa = XCVersionGroup;
			children = (
				76C8B9B3158144390084CDE2 /* NameServer.xcdatamodel */,
			);
			currentVersion = 76C8B9B3158144390084CDE2 /* NameServer.xcdatamodel */;
			path = NameServer.xcdatamodeld;
			sourceTree = "<group>";
			versionGroupType = wrapper.xcdatamodel;
		};
/* End XCVersionGroup section */
	};
	rootObject = 76C8B99C158144390084CDE2 /* Project object */;
}
